
Microsoft Visual Studio Solution File, Format Version 12.00
# Visual Studio Version 17
VisualStudioVersion = 17.13.35825.156
MinimumVisualStudioVersion = 10.0.40219.1
Project("{FAE04EC0-301F-11D3-BF4B-00C04F79EFBC}") = "Gotorz", "Gotorz\Gotorz.csproj", "{0EB90AE4-54F2-4953-9653-C7D1608A2C78}"
EndProject
Global
	GlobalSection(SolutionConfigurationPlatforms) = preSolution
		Debug|Any CPU = Debug|Any CPU
		Release|Any CPU = Release|Any CPU
	EndGlobalSection
	GlobalSection(ProjectConfigurationPlatforms) = postSolution
		{0EB90AE4-54F2-4953-9653-C7D1608A2C78}.Debug|Any CPU.ActiveCfg = Debug|Any CPU
		{0EB90AE4-54F2-4953-9653-C7D1608A2C78}.Debug|Any CPU.Build.0 = Debug|Any CPU
		{0EB90AE4-54F2-4953-9653-C7D1608A2C78}.Release|Any CPU.ActiveCfg = Release|Any CPU
		{0EB90AE4-54F2-4953-9653-C7D1608A2C78}.Release|Any CPU.Build.0 = Release|Any CPU
	EndGlobalSection
	GlobalSection(SolutionProperties) = preSolution
		HideSolutionNode = FALSE
	EndGlobalSection
	GlobalSection(ExtensibilityGlobals) = postSolution
		SolutionGuid = {9C33D348-7EA2-4BD2-99E3-7E19E1B91843}
	EndGlobalSection
EndGlobal
