
Microsoft Visual Studio Solution File, Format Version 12.00
# Visual Studio Version 17
VisualStudioVersion = 17.13.35828.75 d17.13
MinimumVisualStudioVersion = 10.0.40219.1
Project("{FAE04EC0-301F-11D3-BF4B-00C04F79EFBC}") = "Package_Api", "Package_Api\Package_Api.csproj", "{B6B2C827-4DC3-40D8-9549-DA7E1EFAC433}"
EndProject
Global
	GlobalSection(SolutionConfigurationPlatforms) = preSolution
		Debug|Any CPU = Debug|Any CPU
		Release|Any CPU = Release|Any CPU
	EndGlobalSection
	GlobalSection(ProjectConfigurationPlatforms) = postSolution
		{B6B2C827-4DC3-40D8-9549-DA7E1EFAC433}.Debug|Any CPU.ActiveCfg = Debug|Any CPU
		{B6B2C827-4DC3-40D8-9549-DA7E1EFAC433}.Debug|Any CPU.Build.0 = Debug|Any CPU
		{B6B2C827-4DC3-40D8-9549-DA7E1EFAC433}.Release|Any CPU.ActiveCfg = Release|Any CPU
		{B6B2C827-4DC3-40D8-9549-DA7E1EFAC433}.Release|Any CPU.Build.0 = Release|Any CPU
	EndGlobalSection
	GlobalSection(SolutionProperties) = preSolution
		HideSolutionNode = FALSE
	EndGlobalSection
	GlobalSection(ExtensibilityGlobals) = postSolution
		SolutionGuid = {DB720D46-F148-4AE7-A294-3793530BA1E2}
	EndGlobalSection
EndGlobal
