
Microsoft Visual Studio Solution File, Format Version 12.00
# Visual Studio Version 17
VisualStudioVersion = 17.13.35828.75 d17.13
MinimumVisualStudioVersion = 10.0.40219.1
Project("{FAE04EC0-301F-11D3-BF4B-00C04F79EFBC}") = "Chat_Api", "Chat_Api\Chat_Api.csproj", "{F4A0E94C-E729-4C65-8B8C-9F1F83ABD2BC}"
EndProject
Global
	GlobalSection(SolutionConfigurationPlatforms) = preSolution
		Debug|Any CPU = Debug|Any CPU
		Release|Any CPU = Release|Any CPU
	EndGlobalSection
	GlobalSection(ProjectConfigurationPlatforms) = postSolution
		{F4A0E94C-E729-4C65-8B8C-9F1F83ABD2BC}.Debug|Any CPU.ActiveCfg = Debug|Any CPU
		{F4A0E94C-E729-4C65-8B8C-9F1F83ABD2BC}.Debug|Any CPU.Build.0 = Debug|Any CPU
		{F4A0E94C-E729-4C65-8B8C-9F1F83ABD2BC}.Release|Any CPU.ActiveCfg = Release|Any CPU
		{F4A0E94C-E729-4C65-8B8C-9F1F83ABD2BC}.Release|Any CPU.Build.0 = Release|Any CPU
	EndGlobalSection
	GlobalSection(SolutionProperties) = preSolution
		HideSolutionNode = FALSE
	EndGlobalSection
	GlobalSection(ExtensibilityGlobals) = postSolution
		SolutionGuid = {28459DDB-7D22-4F1D-BD4F-0A91EAB72D7E}
	EndGlobalSection
EndGlobal
